
Microsoft Visual Studio Solution File, Format Version 12.00
# Visual Studio Version 16
VisualStudioVersion = 16.0.29306.81
MinimumVisualStudioVersion = 10.0.40219.1
Project("{FAE04EC0-301F-11D3-BF4B-00C04F79EFBC}") = "KizhiPart1", "KizhiPart1.csproj", "{6434A13D-4695-4F5D-895D-41D2E9FBCC07}"
EndProject
Global
	GlobalSection(SolutionConfigurationPlatforms) = preSolution
		Debug|Any CPU = Debug|Any CPU
		Release|Any CPU = Release|Any CPU
	EndGlobalSection
	GlobalSection(ProjectConfigurationPlatforms) = postSolution
		{6434A13D-4695-4F5D-895D-41D2E9FBCC07}.Debug|Any CPU.ActiveCfg = Debug|Any CPU
		{6434A13D-4695-4F5D-895D-41D2E9FBCC07}.Debug|Any CPU.Build.0 = Debug|Any CPU
		{6434A13D-4695-4F5D-895D-41D2E9FBCC07}.Release|Any CPU.ActiveCfg = Release|Any CPU
		{6434A13D-4695-4F5D-895D-41D2E9FBCC07}.Release|Any CPU.Build.0 = Release|Any CPU
	EndGlobalSection
	GlobalSection(SolutionProperties) = preSolution
		HideSolutionNode = FALSE
	EndGlobalSection
	GlobalSection(ExtensibilityGlobals) = postSolution
		SolutionGuid = {D8B62910-CF22-46B8-A96B-272A8E72236D}
	EndGlobalSection
EndGlobal
